// !$*UTF8*$!
{
	archiveVersion = 1;
	classes = {
	};
	objectVersion = 46;
	objects = {

/* Begin PBXBuildFile section */
		F93BD4B81DCE68A700ABBF28 /* AppDelegate.swift in Sources */ = {isa = PBXBuildFile; fileRef = F93BD4B71DCE68A700ABBF28 /* AppDelegate.swift */; };
		F93BD4BA1DCE68A700ABBF28 /* ViewController.swift in Sources */ = {isa = PBXBuildFile; fileRef = F93BD4B91DCE68A700ABBF28 /* ViewController.swift */; };
		F93BD4BC1DCE68A700ABBF28 /* Assets.xcassets in Resources */ = {isa = PBXBuildFile; fileRef = F93BD4BB1DCE68A700ABBF28 /* Assets.xcassets */; };
		F93BD4BF1DCE68A800ABBF28 /* Main.storyboard in Resources */ = {isa = PBXBuildFile; fileRef = F93BD4BD1DCE68A800ABBF28 /* Main.storyboard */; };
		F93BD5031DCE6AD300ABBF28 /* 1.jpg in Resources */ = {isa = PBXBuildFile; fileRef = F93BD4C71DCE6AD300ABBF28 /* 1.jpg */; };
		F93BD5041DCE6AD300ABBF28 /* 2.jpg in Resources */ = {isa = PBXBuildFile; fileRef = F93BD4C81DCE6AD300ABBF28 /* 2.jpg */; };
		F93BD5051DCE6AD300ABBF28 /* 3.jpg in Resources */ = {isa = PBXBuildFile; fileRef = F93BD4C91DCE6AD300ABBF28 /* 3.jpg */; };
		F93BD5061DCE6AD300ABBF28 /* 4.jpg in Resources */ = {isa = PBXBuildFile; fileRef = F93BD4CA1DCE6AD300ABBF28 /* 4.jpg */; };
		F93BD5071DCE6AD300ABBF28 /* 5.jpg in Resources */ = {isa = PBXBuildFile; fileRef = F93BD4CB1DCE6AD300ABBF28 /* 5.jpg */; };
		F93BD5081DCE6AD300ABBF28 /* 6.jpg in Resources */ = {isa = PBXBuildFile; fileRef = F93BD4CC1DCE6AD300ABBF28 /* 6.jpg */; };
		F93BD5091DCE6AD300ABBF28 /* 7.jpg in Resources */ = {isa = PBXBuildFile; fileRef = F93BD4CD1DCE6AD300ABBF28 /* 7.jpg */; };
		F93BD50A1DCE6AD300ABBF28 /* 8.jpg in Resources */ = {isa = PBXBuildFile; fileRef = F93BD4CE1DCE6AD300ABBF28 /* 8.jpg */; };
		F93BD50B1DCE6AD300ABBF28 /* 9.jpg in Resources */ = {isa = PBXBuildFile; fileRef = F93BD4CF1DCE6AD300ABBF28 /* 9.jpg */; };
		F93BD50C1DCE6AD300ABBF28 /* 10.jpg in Resources */ = {isa = PBXBuildFile; fileRef = F93BD4D01DCE6AD300ABBF28 /* 10.jpg */; };
		F93BD50D1DCE6AD300ABBF28 /* 11.jpg in Resources */ = {isa = PBXBuildFile; fileRef = F93BD4D11DCE6AD300ABBF28 /* 11.jpg */; };
		F93BD50E1DCE6AD300ABBF28 /* 12.jpg in Resources */ = {isa = PBXBuildFile; fileRef = F93BD4D21DCE6AD300ABBF28 /* 12.jpg */; };
		F93BD50F1DCE6AD300ABBF28 /* 13.jpg in Resources */ = {isa = PBXBuildFile; fileRef = F93BD4D31DCE6AD300ABBF28 /* 13.jpg */; };
		F93BD5101DCE6AD300ABBF28 /* 14.jpg in Resources */ = {isa = PBXBuildFile; fileRef = F93BD4D41DCE6AD300ABBF28 /* 14.jpg */; };
		F93BD5111DCE6AD300ABBF28 /* 15.jpg in Resources */ = {isa = PBXBuildFile; fileRef = F93BD4D51DCE6AD300ABBF28 /* 15.jpg */; };
		F93BD5121DCE6AD300ABBF28 /* 16.jpg in Resources */ = {isa = PBXBuildFile; fileRef = F93BD4D61DCE6AD300ABBF28 /* 16.jpg */; };
		F93BD5131DCE6AD300ABBF28 /* 17.jpg in Resources */ = {isa = PBXBuildFile; fileRef = F93BD4D71DCE6AD300ABBF28 /* 17.jpg */; };
		F93BD5141DCE6AD300ABBF28 /* 18.jpg in Resources */ = {isa = PBXBuildFile; fileRef = F93BD4D81DCE6AD300ABBF28 /* 18.jpg */; };
		F93BD5151DCE6AD300ABBF28 /* 19.jpg in Resources */ = {isa = PBXBuildFile; fileRef = F93BD4D91DCE6AD300ABBF28 /* 19.jpg */; };
		F93BD5161DCE6AD300ABBF28 /* 20.jpg in Resources */ = {isa = PBXBuildFile; fileRef = F93BD4DA1DCE6AD300ABBF28 /* 20.jpg */; };
		F93BD5171DCE6AD300ABBF28 /* 21.jpg in Resources */ = {isa = PBXBuildFile; fileRef = F93BD4DB1DCE6AD300ABBF28 /* 21.jpg */; };
		F93BD5181DCE6AD300ABBF28 /* 22.jpg in Resources */ = {isa = PBXBuildFile; fileRef = F93BD4DC1DCE6AD300ABBF28 /* 22.jpg */; };
		F93BD5191DCE6AD300ABBF28 /* 23.jpg in Resources */ = {isa = PBXBuildFile; fileRef = F93BD4DD1DCE6AD300ABBF28 /* 23.jpg */; };
		F93BD51A1DCE6AD300ABBF28 /* 24.jpg in Resources */ = {isa = PBXBuildFile; fileRef = F93BD4DE1DCE6AD300ABBF28 /* 24.jpg */; };
		F93BD51B1DCE6AD300ABBF28 /* 25.jpg in Resources */ = {isa = PBXBuildFile; fileRef = F93BD4DF1DCE6AD300ABBF28 /* 25.jpg */; };
		F93BD51C1DCE6AD300ABBF28 /* 26.jpg in Resources */ = {isa = PBXBuildFile; fileRef = F93BD4E01DCE6AD300ABBF28 /* 26.jpg */; };
		F93BD51D1DCE6AD300ABBF28 /* 27.jpg in Resources */ = {isa = PBXBuildFile; fileRef = F93BD4E11DCE6AD300ABBF28 /* 27.jpg */; };
		F93BD51E1DCE6AD300ABBF28 /* 28.jpg in Resources */ = {isa = PBXBuildFile; fileRef = F93BD4E21DCE6AD300ABBF28 /* 28.jpg */; };
		F93BD51F1DCE6AD300ABBF28 /* 29.jpg in Resources */ = {isa = PBXBuildFile; fileRef = F93BD4E31DCE6AD300ABBF28 /* 29.jpg */; };
		F93BD5201DCE6AD300ABBF28 /* 30.jpg in Resources */ = {isa = PBXBuildFile; fileRef = F93BD4E41DCE6AD300ABBF28 /* 30.jpg */; };
		F93BD5211DCE6AD300ABBF28 /* 31.jpg in Resources */ = {isa = PBXBuildFile; fileRef = F93BD4E51DCE6AD300ABBF28 /* 31.jpg */; };
		F93BD5221DCE6AD300ABBF28 /* 32.jpg in Resources */ = {isa = PBXBuildFile; fileRef = F93BD4E61DCE6AD300ABBF28 /* 32.jpg */; };
		F93BD5231DCE6AD300ABBF28 /* 33.jpg in Resources */ = {isa = PBXBuildFile; fileRef = F93BD4E71DCE6AD300ABBF28 /* 33.jpg */; };
		F93BD5241DCE6AD300ABBF28 /* 34.jpg in Resources */ = {isa = PBXBuildFile; fileRef = F93BD4E81DCE6AD300ABBF28 /* 34.jpg */; };
		F93BD5251DCE6AD300ABBF28 /* 35.jpg in Resources */ = {isa = PBXBuildFile; fileRef = F93BD4E91DCE6AD300ABBF28 /* 35.jpg */; };
		F93BD5261DCE6AD300ABBF28 /* 36.jpg in Resources */ = {isa = PBXBuildFile; fileRef = F93BD4EA1DCE6AD300ABBF28 /* 36.jpg */; };
		F93BD5271DCE6AD300ABBF28 /* 37.jpg in Resources */ = {isa = PBXBuildFile; fileRef = F93BD4EB1DCE6AD300ABBF28 /* 37.jpg */; };
		F93BD5281DCE6AD300ABBF28 /* 38.jpg in Resources */ = {isa = PBXBuildFile; fileRef = F93BD4EC1DCE6AD300ABBF28 /* 38.jpg */; };
		F93BD5291DCE6AD300ABBF28 /* 39.jpg in Resources */ = {isa = PBXBuildFile; fileRef = F93BD4ED1DCE6AD300ABBF28 /* 39.jpg */; };
		F93BD52A1DCE6AD300ABBF28 /* 40.jpg in Resources */ = {isa = PBXBuildFile; fileRef = F93BD4EE1DCE6AD300ABBF28 /* 40.jpg */; };
		F93BD52B1DCE6AD300ABBF28 /* 41.png in Resources */ = {isa = PBXBuildFile; fileRef = F93BD4EF1DCE6AD300ABBF28 /* 41.png */; };
		F93BD52C1DCE6AD300ABBF28 /* 42.jpg in Resources */ = {isa = PBXBuildFile; fileRef = F93BD4F01DCE6AD300ABBF28 /* 42.jpg */; };
		F93BD52D1DCE6AD300ABBF28 /* 43.jpg in Resources */ = {isa = PBXBuildFile; fileRef = F93BD4F11DCE6AD300ABBF28 /* 43.jpg */; };
		F93BD52E1DCE6AD300ABBF28 /* 44.jpg in Resources */ = {isa = PBXBuildFile; fileRef = F93BD4F21DCE6AD300ABBF28 /* 44.jpg */; };
		F93BD52F1DCE6AD300ABBF28 /* 45.jpg in Resources */ = {isa = PBXBuildFile; fileRef = F93BD4F31DCE6AD300ABBF28 /* 45.jpg */; };
		F93BD5301DCE6AD300ABBF28 /* 46.jpg in Resources */ = {isa = PBXBuildFile; fileRef = F93BD4F41DCE6AD300ABBF28 /* 46.jpg */; };
		F93BD5311DCE6AD300ABBF28 /* 47.jpg in Resources */ = {isa = PBXBuildFile; fileRef = F93BD4F51DCE6AD300ABBF28 /* 47.jpg */; };
		F93BD5321DCE6AD300ABBF28 /* 48.jpg in Resources */ = {isa = PBXBuildFile; fileRef = F93BD4F61DCE6AD300ABBF28 /* 48.jpg */; };
		F93BD5331DCE6AD300ABBF28 /* 49.jpg in Resources */ = {isa = PBXBuildFile; fileRef = F93BD4F71DCE6AD300ABBF28 /* 49.jpg */; };
		F93BD5341DCE6AD300ABBF28 /* 50.jpg in Resources */ = {isa = PBXBuildFile; fileRef = F93BD4F81DCE6AD300ABBF28 /* 50.jpg */; };
		F93BD5351DCE6AD300ABBF28 /* 51.jpg in Resources */ = {isa = PBXBuildFile; fileRef = F93BD4F91DCE6AD300ABBF28 /* 51.jpg */; };
		F93BD5361DCE6AD300ABBF28 /* 52.jpg in Resources */ = {isa = PBXBuildFile; fileRef = F93BD4FA1DCE6AD300ABBF28 /* 52.jpg */; };
		F93BD5371DCE6AD300ABBF28 /* 53.jpg in Resources */ = {isa = PBXBuildFile; fileRef = F93BD4FB1DCE6AD300ABBF28 /* 53.jpg */; };
		F93BD5381DCE6AD300ABBF28 /* 54.jpg in Resources */ = {isa = PBXBuildFile; fileRef = F93BD4FC1DCE6AD300ABBF28 /* 54.jpg */; };
		F93BD5391DCE6AD300ABBF28 /* 55.jpg in Resources */ = {isa = PBXBuildFile; fileRef = F93BD4FD1DCE6AD300ABBF28 /* 55.jpg */; };
		F93BD53A1DCE6AD300ABBF28 /* 56.jpg in Resources */ = {isa = PBXBuildFile; fileRef = F93BD4FE1DCE6AD300ABBF28 /* 56.jpg */; };
		F93BD53B1DCE6AD300ABBF28 /* 57.jpg in Resources */ = {isa = PBXBuildFile; fileRef = F93BD4FF1DCE6AD300ABBF28 /* 57.jpg */; };
		F93BD53C1DCE6AD300ABBF28 /* 58.jpg in Resources */ = {isa = PBXBuildFile; fileRef = F93BD5001DCE6AD300ABBF28 /* 58.jpg */; };
		F93BD53D1DCE6AD300ABBF28 /* 59.jpg in Resources */ = {isa = PBXBuildFile; fileRef = F93BD5011DCE6AD300ABBF28 /* 59.jpg */; };
		F93BD53E1DCE6AD300ABBF28 /* 60.jpg in Resources */ = {isa = PBXBuildFile; fileRef = F93BD5021DCE6AD300ABBF28 /* 60.jpg */; };
		F93BD5401DCE756E00ABBF28 /* WordBank.swift in Sources */ = {isa = PBXBuildFile; fileRef = F93BD53F1DCE756E00ABBF28 /* WordBank.swift */; };
		F93BD5481DCE799D00ABBF28 /* AppDelegate.swift in Sources */ = {isa = PBXBuildFile; fileRef = F93BD5471DCE799D00ABBF28 /* AppDelegate.swift */; };
		F93BD54A1DCE799D00ABBF28 /* ViewController.swift in Sources */ = {isa = PBXBuildFile; fileRef = F93BD5491DCE799D00ABBF28 /* ViewController.swift */; };
		F93BD54D1DCE799D00ABBF28 /* Main.storyboard in Resources */ = {isa = PBXBuildFile; fileRef = F93BD54B1DCE799D00ABBF28 /* Main.storyboard */; };
		F93BD54F1DCE799D00ABBF28 /* Assets.xcassets in Resources */ = {isa = PBXBuildFile; fileRef = F93BD54E1DCE799D00ABBF28 /* Assets.xcassets */; };
		F93BD5521DCE799D00ABBF28 /* LaunchScreen.storyboard in Resources */ = {isa = PBXBuildFile; fileRef = F93BD5501DCE799D00ABBF28 /* LaunchScreen.storyboard */; };
		F9AB29481DCE829D0030DB3C /* WordsHandler.swift in Sources */ = {isa = PBXBuildFile; fileRef = F9AB29471DCE829D0030DB3C /* WordsHandler.swift */; };
		F9AB294A1DCE839A0030DB3C /* WordCell.swift in Sources */ = {isa = PBXBuildFile; fileRef = F9AB29491DCE839A0030DB3C /* WordCell.swift */; };
/* End PBXBuildFile section */

/* Begin PBXFileReference section */
		F93BD4B41DCE68A700ABBF28 /* guessIt.app */ = {isa = PBXFileReference; explicitFileType = wrapper.application; includeInIndex = 0; path = guessIt.app; sourceTree = BUILT_PRODUCTS_DIR; };
		F93BD4B71DCE68A700ABBF28 /* AppDelegate.swift */ = {isa = PBXFileReference; lastKnownFileType = sourcecode.swift; path = AppDelegate.swift; sourceTree = "<group>"; };
		F93BD4B91DCE68A700ABBF28 /* ViewController.swift */ = {isa = PBXFileReference; lastKnownFileType = sourcecode.swift; path = ViewController.swift; sourceTree = "<group>"; };
		F93BD4BB1DCE68A700ABBF28 /* Assets.xcassets */ = {isa = PBXFileReference; lastKnownFileType = folder.assetcatalog; path = Assets.xcassets; sourceTree = "<group>"; };
		F93BD4BE1DCE68A800ABBF28 /* Base */ = {isa = PBXFileReference; lastKnownFileType = file.storyboard; name = Base; path = Base.lproj/Main.storyboard; sourceTree = "<group>"; };
		F93BD4C01DCE68A800ABBF28 /* Info.plist */ = {isa = PBXFileReference; lastKnownFileType = text.plist.xml; path = Info.plist; sourceTree = "<group>"; };
		F93BD4C71DCE6AD300ABBF28 /* 1.jpg */ = {isa = PBXFileReference; lastKnownFileType = image.jpeg; path = 1.jpg; sourceTree = "<group>"; };
		F93BD4C81DCE6AD300ABBF28 /* 2.jpg */ = {isa = PBXFileReference; lastKnownFileType = image.jpeg; path = 2.jpg; sourceTree = "<group>"; };
		F93BD4C91DCE6AD300ABBF28 /* 3.jpg */ = {isa = PBXFileReference; lastKnownFileType = image.jpeg; path = 3.jpg; sourceTree = "<group>"; };
		F93BD4CA1DCE6AD300ABBF28 /* 4.jpg */ = {isa = PBXFileReference; lastKnownFileType = image.jpeg; path = 4.jpg; sourceTree = "<group>"; };
		F93BD4CB1DCE6AD300ABBF28 /* 5.jpg */ = {isa = PBXFileReference; lastKnownFileType = image.jpeg; path = 5.jpg; sourceTree = "<group>"; };
		F93BD4CC1DCE6AD300ABBF28 /* 6.jpg */ = {isa = PBXFileReference; lastKnownFileType = image.jpeg; path = 6.jpg; sourceTree = "<group>"; };
		F93BD4CD1DCE6AD300ABBF28 /* 7.jpg */ = {isa = PBXFileReference; lastKnownFileType = image.jpeg; path = 7.jpg; sourceTree = "<group>"; };
		F93BD4CE1DCE6AD300ABBF28 /* 8.jpg */ = {isa = PBXFileReference; lastKnownFileType = image.jpeg; path = 8.jpg; sourceTree = "<group>"; };
		F93BD4CF1DCE6AD300ABBF28 /* 9.jpg */ = {isa = PBXFileReference; lastKnownFileType = image.jpeg; path = 9.jpg; sourceTree = "<group>"; };
		F93BD4D01DCE6AD300ABBF28 /* 10.jpg */ = {isa = PBXFileReference; lastKnownFileType = image.jpeg; path = 10.jpg; sourceTree = "<group>"; };
		F93BD4D11DCE6AD300ABBF28 /* 11.jpg */ = {isa = PBXFileReference; lastKnownFileType = image.jpeg; path = 11.jpg; sourceTree = "<group>"; };
		F93BD4D21DCE6AD300ABBF28 /* 12.jpg */ = {isa = PBXFileReference; lastKnownFileType = image.jpeg; path = 12.jpg; sourceTree = "<group>"; };
		F93BD4D31DCE6AD300ABBF28 /* 13.jpg */ = {isa = PBXFileReference; lastKnownFileType = image.jpeg; path = 13.jpg; sourceTree = "<group>"; };
		F93BD4D41DCE6AD300ABBF28 /* 14.jpg */ = {isa = PBXFileReference; lastKnownFileType = image.jpeg; path = 14.jpg; sourceTree = "<group>"; };
		F93BD4D51DCE6AD300ABBF28 /* 15.jpg */ = {isa = PBXFileReference; lastKnownFileType = image.jpeg; path = 15.jpg; sourceTree = "<group>"; };
		F93BD4D61DCE6AD300ABBF28 /* 16.jpg */ = {isa = PBXFileReference; lastKnownFileType = image.jpeg; path = 16.jpg; sourceTree = "<group>"; };
		F93BD4D71DCE6AD300ABBF28 /* 17.jpg */ = {isa = PBXFileReference; lastKnownFileType = image.jpeg; path = 17.jpg; sourceTree = "<group>"; };
		F93BD4D81DCE6AD300ABBF28 /* 18.jpg */ = {isa = PBXFileReference; lastKnownFileType = image.jpeg; path = 18.jpg; sourceTree = "<group>"; };
		F93BD4D91DCE6AD300ABBF28 /* 19.jpg */ = {isa = PBXFileReference; lastKnownFileType = image.jpeg; path = 19.jpg; sourceTree = "<group>"; };
		F93BD4DA1DCE6AD300ABBF28 /* 20.jpg */ = {isa = PBXFileReference; lastKnownFileType = image.jpeg; path = 20.jpg; sourceTree = "<group>"; };
		F93BD4DB1DCE6AD300ABBF28 /* 21.jpg */ = {isa = PBXFileReference; lastKnownFileType = image.jpeg; path = 21.jpg; sourceTree = "<group>"; };
		F93BD4DC1DCE6AD300ABBF28 /* 22.jpg */ = {isa = PBXFileReference; lastKnownFileType = image.jpeg; path = 22.jpg; sourceTree = "<group>"; };
		F93BD4DD1DCE6AD300ABBF28 /* 23.jpg */ = {isa = PBXFileReference; lastKnownFileType = image.jpeg; path = 23.jpg; sourceTree = "<group>"; };
		F93BD4DE1DCE6AD300ABBF28 /* 24.jpg */ = {isa = PBXFileReference; lastKnownFileType = image.jpeg; path = 24.jpg; sourceTree = "<group>"; };
		F93BD4DF1DCE6AD300ABBF28 /* 25.jpg */ = {isa = PBXFileReference; lastKnownFileType = image.jpeg; path = 25.jpg; sourceTree = "<group>"; };
		F93BD4E01DCE6AD300ABBF28 /* 26.jpg */ = {isa = PBXFileReference; lastKnownFileType = image.jpeg; path = 26.jpg; sourceTree = "<group>"; };
		F93BD4E11DCE6AD300ABBF28 /* 27.jpg */ = {isa = PBXFileReference; lastKnownFileType = image.jpeg; path = 27.jpg; sourceTree = "<group>"; };
		F93BD4E21DCE6AD300ABBF28 /* 28.jpg */ = {isa = PBXFileReference; lastKnownFileType = image.jpeg; path = 28.jpg; sourceTree = "<group>"; };
		F93BD4E31DCE6AD300ABBF28 /* 29.jpg */ = {isa = PBXFileReference; lastKnownFileType = image.jpeg; path = 29.jpg; sourceTree = "<group>"; };
		F93BD4E41DCE6AD300ABBF28 /* 30.jpg */ = {isa = PBXFileReference; lastKnownFileType = image.jpeg; path = 30.jpg; sourceTree = "<group>"; };
		F93BD4E51DCE6AD300ABBF28 /* 31.jpg */ = {isa = PBXFileReference; lastKnownFileType = image.jpeg; path = 31.jpg; sourceTree = "<group>"; };
		F93BD4E61DCE6AD300ABBF28 /* 32.jpg */ = {isa = PBXFileReference; lastKnownFileType = image.jpeg; path = 32.jpg; sourceTree = "<group>"; };
		F93BD4E71DCE6AD300ABBF28 /* 33.jpg */ = {isa = PBXFileReference; lastKnownFileType = image.jpeg; path = 33.jpg; sourceTree = "<group>"; };
		F93BD4E81DCE6AD300ABBF28 /* 34.jpg */ = {isa = PBXFileReference; lastKnownFileType = image.jpeg; path = 34.jpg; sourceTree = "<group>"; };
		F93BD4E91DCE6AD300ABBF28 /* 35.jpg */ = {isa = PBXFileReference; lastKnownFileType = image.jpeg; path = 35.jpg; sourceTree = "<group>"; };
		F93BD4EA1DCE6AD300ABBF28 /* 36.jpg */ = {isa = PBXFileReference; lastKnownFileType = image.jpeg; path = 36.jpg; sourceTree = "<group>"; };
		F93BD4EB1DCE6AD300ABBF28 /* 37.jpg */ = {isa = PBXFileReference; lastKnownFileType = image.jpeg; path = 37.jpg; sourceTree = "<group>"; };
		F93BD4EC1DCE6AD300ABBF28 /* 38.jpg */ = {isa = PBXFileReference; lastKnownFileType = image.jpeg; path = 38.jpg; sourceTree = "<group>"; };
		F93BD4ED1DCE6AD300ABBF28 /* 39.jpg */ = {isa = PBXFileReference; lastKnownFileType = image.jpeg; path = 39.jpg; sourceTree = "<group>"; };
		F93BD4EE1DCE6AD300ABBF28 /* 40.jpg */ = {isa = PBXFileReference; lastKnownFileType = image.jpeg; path = 40.jpg; sourceTree = "<group>"; };
		F93BD4EF1DCE6AD300ABBF28 /* 41.png */ = {isa = PBXFileReference; lastKnownFileType = image.png; path = 41.png; sourceTree = "<group>"; };
		F93BD4F01DCE6AD300ABBF28 /* 42.jpg */ = {isa = PBXFileReference; lastKnownFileType = image.jpeg; path = 42.jpg; sourceTree = "<group>"; };
		F93BD4F11DCE6AD300ABBF28 /* 43.jpg */ = {isa = PBXFileReference; lastKnownFileType = image.jpeg; path = 43.jpg; sourceTree = "<group>"; };
		F93BD4F21DCE6AD300ABBF28 /* 44.jpg */ = {isa = PBXFileReference; lastKnownFileType = image.jpeg; path = 44.jpg; sourceTree = "<group>"; };
		F93BD4F31DCE6AD300ABBF28 /* 45.jpg */ = {isa = PBXFileReference; lastKnownFileType = image.jpeg; path = 45.jpg; sourceTree = "<group>"; };
		F93BD4F41DCE6AD300ABBF28 /* 46.jpg */ = {isa = PBXFileReference; lastKnownFileType = image.jpeg; path = 46.jpg; sourceTree = "<group>"; };
		F93BD4F51DCE6AD300ABBF28 /* 47.jpg */ = {isa = PBXFileReference; lastKnownFileType = image.jpeg; path = 47.jpg; sourceTree = "<group>"; };
		F93BD4F61DCE6AD300ABBF28 /* 48.jpg */ = {isa = PBXFileReference; lastKnownFileType = image.jpeg; path = 48.jpg; sourceTree = "<group>"; };
		F93BD4F71DCE6AD300ABBF28 /* 49.jpg */ = {isa = PBXFileReference; lastKnownFileType = image.jpeg; path = 49.jpg; sourceTree = "<group>"; };
		F93BD4F81DCE6AD300ABBF28 /* 50.jpg */ = {isa = PBXFileReference; lastKnownFileType = image.jpeg; path = 50.jpg; sourceTree = "<group>"; };
		F93BD4F91DCE6AD300ABBF28 /* 51.jpg */ = {isa = PBXFileReference; lastKnownFileType = image.jpeg; path = 51.jpg; sourceTree = "<group>"; };
		F93BD4FA1DCE6AD300ABBF28 /* 52.jpg */ = {isa = PBXFileReference; lastKnownFileType = image.jpeg; path = 52.jpg; sourceTree = "<group>"; };
		F93BD4FB1DCE6AD300ABBF28 /* 53.jpg */ = {isa = PBXFileReference; lastKnownFileType = image.jpeg; path = 53.jpg; sourceTree = "<group>"; };
		F93BD4FC1DCE6AD300ABBF28 /* 54.jpg */ = {isa = PBXFileReference; lastKnownFileType = image.jpeg; path = 54.jpg; sourceTree = "<group>"; };
		F93BD4FD1DCE6AD300ABBF28 /* 55.jpg */ = {isa = PBXFileReference; lastKnownFileType = image.jpeg; path = 55.jpg; sourceTree = "<group>"; };
		F93BD4FE1DCE6AD300ABBF28 /* 56.jpg */ = {isa = PBXFileReference; lastKnownFileType = image.jpeg; path = 56.jpg; sourceTree = "<group>"; };
		F93BD4FF1DCE6AD300ABBF28 /* 57.jpg */ = {isa = PBXFileReference; lastKnownFileType = image.jpeg; path = 57.jpg; sourceTree = "<group>"; };
		F93BD5001DCE6AD300ABBF28 /* 58.jpg */ = {isa = PBXFileReference; lastKnownFileType = image.jpeg; path = 58.jpg; sourceTree = "<group>"; };
		F93BD5011DCE6AD300ABBF28 /* 59.jpg */ = {isa = PBXFileReference; lastKnownFileType = image.jpeg; path = 59.jpg; sourceTree = "<group>"; };
		F93BD5021DCE6AD300ABBF28 /* 60.jpg */ = {isa = PBXFileReference; lastKnownFileType = image.jpeg; path = 60.jpg; sourceTree = "<group>"; };
		F93BD53F1DCE756E00ABBF28 /* WordBank.swift */ = {isa = PBXFileReference; fileEncoding = 4; lastKnownFileType = sourcecode.swift; path = WordBank.swift; sourceTree = "<group>"; };
		F93BD5451DCE799D00ABBF28 /* iDealer.app */ = {isa = PBXFileReference; explicitFileType = wrapper.application; includeInIndex = 0; path = iDealer.app; sourceTree = BUILT_PRODUCTS_DIR; };
		F93BD5471DCE799D00ABBF28 /* AppDelegate.swift */ = {isa = PBXFileReference; lastKnownFileType = sourcecode.swift; path = AppDelegate.swift; sourceTree = "<group>"; };
		F93BD5491DCE799D00ABBF28 /* ViewController.swift */ = {isa = PBXFileReference; lastKnownFileType = sourcecode.swift; path = ViewController.swift; sourceTree = "<group>"; };
		F93BD54C1DCE799D00ABBF28 /* Base */ = {isa = PBXFileReference; lastKnownFileType = file.storyboard; name = Base; path = Base.lproj/Main.storyboard; sourceTree = "<group>"; };
		F93BD54E1DCE799D00ABBF28 /* Assets.xcassets */ = {isa = PBXFileReference; lastKnownFileType = folder.assetcatalog; path = Assets.xcassets; sourceTree = "<group>"; };
		F93BD5511DCE799D00ABBF28 /* Base */ = {isa = PBXFileReference; lastKnownFileType = file.storyboard; name = Base; path = Base.lproj/LaunchScreen.storyboard; sourceTree = "<group>"; };
		F93BD5531DCE799D00ABBF28 /* Info.plist */ = {isa = PBXFileReference; lastKnownFileType = text.plist.xml; path = Info.plist; sourceTree = "<group>"; };
		F9AB29471DCE829D0030DB3C /* WordsHandler.swift */ = {isa = PBXFileReference; fileEncoding = 4; lastKnownFileType = sourcecode.swift; path = WordsHandler.swift; sourceTree = "<group>"; };
		F9AB29491DCE839A0030DB3C /* WordCell.swift */ = {isa = PBXFileReference; fileEncoding = 4; lastKnownFileType = sourcecode.swift; path = WordCell.swift; sourceTree = "<group>"; };
/* End PBXFileReference section */

/* Begin PBXFrameworksBuildPhase section */
		F93BD4B11DCE68A700ABBF28 /* Frameworks */ = {
			isa = PBXFrameworksBuildPhase;
			buildActionMask = 2147483647;
			files = (
			);
			runOnlyForDeploymentPostprocessing = 0;
		};
		F93BD5421DCE799D00ABBF28 /* Frameworks */ = {
			isa = PBXFrameworksBuildPhase;
			buildActionMask = 2147483647;
			files = (
			);
			runOnlyForDeploymentPostprocessing = 0;
		};
/* End PBXFrameworksBuildPhase section */

/* Begin PBXGroup section */
		F93BD4AB1DCE68A700ABBF28 = {
			isa = PBXGroup;
			children = (
				F93BD4B61DCE68A700ABBF28 /* guessIt */,
				F93BD5461DCE799D00ABBF28 /* iDealer */,
				F93BD4B51DCE68A700ABBF28 /* Products */,
			);
			sourceTree = "<group>";
		};
		F93BD4B51DCE68A700ABBF28 /* Products */ = {
			isa = PBXGroup;
			children = (
				F93BD4B41DCE68A700ABBF28 /* guessIt.app */,
				F93BD5451DCE799D00ABBF28 /* iDealer.app */,
			);
			name = Products;
			sourceTree = "<group>";
		};
		F93BD4B61DCE68A700ABBF28 /* guessIt */ = {
			isa = PBXGroup;
			children = (
				F93BD4B71DCE68A700ABBF28 /* AppDelegate.swift */,
				F93BD4B91DCE68A700ABBF28 /* ViewController.swift */,
				F93BD4BB1DCE68A700ABBF28 /* Assets.xcassets */,
				F93BD4BD1DCE68A800ABBF28 /* Main.storyboard */,
				F93BD4C01DCE68A800ABBF28 /* Info.plist */,
				F93BD4C61DCE6AD300ABBF28 /* Art */,
				F93BD53F1DCE756E00ABBF28 /* WordBank.swift */,
			);
			path = guessIt;
			sourceTree = "<group>";
		};
		F93BD4C61DCE6AD300ABBF28 /* Art */ = {
			isa = PBXGroup;
			children = (
				F93BD4C71DCE6AD300ABBF28 /* 1.jpg */,
				F93BD4C81DCE6AD300ABBF28 /* 2.jpg */,
				F93BD4C91DCE6AD300ABBF28 /* 3.jpg */,
				F93BD4CA1DCE6AD300ABBF28 /* 4.jpg */,
				F93BD4CB1DCE6AD300ABBF28 /* 5.jpg */,
				F93BD4CC1DCE6AD300ABBF28 /* 6.jpg */,
				F93BD4CD1DCE6AD300ABBF28 /* 7.jpg */,
				F93BD4CE1DCE6AD300ABBF28 /* 8.jpg */,
				F93BD4CF1DCE6AD300ABBF28 /* 9.jpg */,
				F93BD4D01DCE6AD300ABBF28 /* 10.jpg */,
				F93BD4D11DCE6AD300ABBF28 /* 11.jpg */,
				F93BD4D21DCE6AD300ABBF28 /* 12.jpg */,
				F93BD4D31DCE6AD300ABBF28 /* 13.jpg */,
				F93BD4D41DCE6AD300ABBF28 /* 14.jpg */,
				F93BD4D51DCE6AD300ABBF28 /* 15.jpg */,
				F93BD4D61DCE6AD300ABBF28 /* 16.jpg */,
				F93BD4D71DCE6AD300ABBF28 /* 17.jpg */,
				F93BD4D81DCE6AD300ABBF28 /* 18.jpg */,
				F93BD4D91DCE6AD300ABBF28 /* 19.jpg */,
				F93BD4DA1DCE6AD300ABBF28 /* 20.jpg */,
				F93BD4DB1DCE6AD300ABBF28 /* 21.jpg */,
				F93BD4DC1DCE6AD300ABBF28 /* 22.jpg */,
				F93BD4DD1DCE6AD300ABBF28 /* 23.jpg */,
				F93BD4DE1DCE6AD300ABBF28 /* 24.jpg */,
				F93BD4DF1DCE6AD300ABBF28 /* 25.jpg */,
				F93BD4E01DCE6AD300ABBF28 /* 26.jpg */,
				F93BD4E11DCE6AD300ABBF28 /* 27.jpg */,
				F93BD4E21DCE6AD300ABBF28 /* 28.jpg */,
				F93BD4E31DCE6AD300ABBF28 /* 29.jpg */,
				F93BD4E41DCE6AD300ABBF28 /* 30.jpg */,
				F93BD4E51DCE6AD300ABBF28 /* 31.jpg */,
				F93BD4E61DCE6AD300ABBF28 /* 32.jpg */,
				F93BD4E71DCE6AD300ABBF28 /* 33.jpg */,
				F93BD4E81DCE6AD300ABBF28 /* 34.jpg */,
				F93BD4E91DCE6AD300ABBF28 /* 35.jpg */,
				F93BD4EA1DCE6AD300ABBF28 /* 36.jpg */,
				F93BD4EB1DCE6AD300ABBF28 /* 37.jpg */,
				F93BD4EC1DCE6AD300ABBF28 /* 38.jpg */,
				F93BD4ED1DCE6AD300ABBF28 /* 39.jpg */,
				F93BD4EE1DCE6AD300ABBF28 /* 40.jpg */,
				F93BD4EF1DCE6AD300ABBF28 /* 41.png */,
				F93BD4F01DCE6AD300ABBF28 /* 42.jpg */,
				F93BD4F11DCE6AD300ABBF28 /* 43.jpg */,
				F93BD4F21DCE6AD300ABBF28 /* 44.jpg */,
				F93BD4F31DCE6AD300ABBF28 /* 45.jpg */,
				F93BD4F41DCE6AD300ABBF28 /* 46.jpg */,
				F93BD4F51DCE6AD300ABBF28 /* 47.jpg */,
				F93BD4F61DCE6AD300ABBF28 /* 48.jpg */,
				F93BD4F71DCE6AD300ABBF28 /* 49.jpg */,
				F93BD4F81DCE6AD300ABBF28 /* 50.jpg */,
				F93BD4F91DCE6AD300ABBF28 /* 51.jpg */,
				F93BD4FA1DCE6AD300ABBF28 /* 52.jpg */,
				F93BD4FB1DCE6AD300ABBF28 /* 53.jpg */,
				F93BD4FC1DCE6AD300ABBF28 /* 54.jpg */,
				F93BD4FD1DCE6AD300ABBF28 /* 55.jpg */,
				F93BD4FE1DCE6AD300ABBF28 /* 56.jpg */,
				F93BD4FF1DCE6AD300ABBF28 /* 57.jpg */,
				F93BD5001DCE6AD300ABBF28 /* 58.jpg */,
				F93BD5011DCE6AD300ABBF28 /* 59.jpg */,
				F93BD5021DCE6AD300ABBF28 /* 60.jpg */,
			);
			path = Art;
			sourceTree = "<group>";
		};
		F93BD5461DCE799D00ABBF28 /* iDealer */ = {
			isa = PBXGroup;
			children = (
				F93BD5471DCE799D00ABBF28 /* AppDelegate.swift */,
				F93BD5491DCE799D00ABBF28 /* ViewController.swift */,
				F9AB29471DCE829D0030DB3C /* WordsHandler.swift */,
				F93BD54B1DCE799D00ABBF28 /* Main.storyboard */,
				F93BD54E1DCE799D00ABBF28 /* Assets.xcassets */,
				F93BD5501DCE799D00ABBF28 /* LaunchScreen.storyboard */,
				F93BD5531DCE799D00ABBF28 /* Info.plist */,
				F9AB29491DCE839A0030DB3C /* WordCell.swift */,
			);
			path = iDealer;
			sourceTree = "<group>";
		};
/* End PBXGroup section */

/* Begin PBXNativeTarget section */
		F93BD4B31DCE68A700ABBF28 /* guessIt */ = {
			isa = PBXNativeTarget;
			buildConfigurationList = F93BD4C31DCE68A800ABBF28 /* Build configuration list for PBXNativeTarget "guessIt" */;
			buildPhases = (
				F93BD4B01DCE68A700ABBF28 /* Sources */,
				F93BD4B11DCE68A700ABBF28 /* Frameworks */,
				F93BD4B21DCE68A700ABBF28 /* Resources */,
			);
			buildRules = (
			);
			dependencies = (
			);
			name = guessIt;
			productName = guessIt;
			productReference = F93BD4B41DCE68A700ABBF28 /* guessIt.app */;
			productType = "com.apple.product-type.application";
		};
		F93BD5441DCE799D00ABBF28 /* iDealer */ = {
			isa = PBXNativeTarget;
			buildConfigurationList = F93BD5541DCE799D00ABBF28 /* Build configuration list for PBXNativeTarget "iDealer" */;
			buildPhases = (
				F93BD5411DCE799D00ABBF28 /* Sources */,
				F93BD5421DCE799D00ABBF28 /* Frameworks */,
				F93BD5431DCE799D00ABBF28 /* Resources */,
			);
			buildRules = (
			);
			dependencies = (
			);
			name = iDealer;
			productName = iDealer;
			productReference = F93BD5451DCE799D00ABBF28 /* iDealer.app */;
			productType = "com.apple.product-type.application";
		};
/* End PBXNativeTarget section */

/* Begin PBXProject section */
		F93BD4AC1DCE68A700ABBF28 /* Project object */ = {
			isa = PBXProject;
			attributes = {
				LastSwiftUpdateCheck = 0810;
				LastUpgradeCheck = 0810;
				ORGANIZATIONNAME = competidev;
				TargetAttributes = {
					F93BD4B31DCE68A700ABBF28 = {
						CreatedOnToolsVersion = 8.1;
						DevelopmentTeam = WBQ5Y4ZSH4;
						ProvisioningStyle = Automatic;
					};
					F93BD5441DCE799D00ABBF28 = {
						CreatedOnToolsVersion = 8.1;
						DevelopmentTeam = WBQ5Y4ZSH4;
						ProvisioningStyle = Automatic;
					};
				};
			};
			buildConfigurationList = F93BD4AF1DCE68A700ABBF28 /* Build configuration list for PBXProject "guessIt" */;
			compatibilityVersion = "Xcode 3.2";
			developmentRegion = English;
			hasScannedForEncodings = 0;
			knownRegions = (
				en,
				Base,
			);
			mainGroup = F93BD4AB1DCE68A700ABBF28;
			productRefGroup = F93BD4B51DCE68A700ABBF28 /* Products */;
			projectDirPath = "";
			projectRoot = "";
			targets = (
				F93BD4B31DCE68A700ABBF28 /* guessIt */,
				F93BD5441DCE799D00ABBF28 /* iDealer */,
			);
		};
/* End PBXProject section */

/* Begin PBXResourcesBuildPhase section */
		F93BD4B21DCE68A700ABBF28 /* Resources */ = {
			isa = PBXResourcesBuildPhase;
			buildActionMask = 2147483647;
			files = (
				F93BD50B1DCE6AD300ABBF28 /* 9.jpg in Resources */,
				F93BD5341DCE6AD300ABBF28 /* 50.jpg in Resources */,
				F93BD51E1DCE6AD300ABBF28 /* 28.jpg in Resources */,
				F93BD50F1DCE6AD300ABBF28 /* 13.jpg in Resources */,
				F93BD4BC1DCE68A700ABBF28 /* Assets.xcassets in Resources */,
				F93BD53C1DCE6AD300ABBF28 /* 58.jpg in Resources */,
				F93BD5181DCE6AD300ABBF28 /* 22.jpg in Resources */,
				F93BD5171DCE6AD300ABBF28 /* 21.jpg in Resources */,
				F93BD50E1DCE6AD300ABBF28 /* 12.jpg in Resources */,
				F93BD5071DCE6AD300ABBF28 /* 5.jpg in Resources */,
				F93BD5291DCE6AD300ABBF28 /* 39.jpg in Resources */,
				F93BD5101DCE6AD300ABBF28 /* 14.jpg in Resources */,
				F93BD50D1DCE6AD300ABBF28 /* 11.jpg in Resources */,
				F93BD5131DCE6AD300ABBF28 /* 17.jpg in Resources */,
				F93BD5031DCE6AD300ABBF28 /* 1.jpg in Resources */,
				F93BD52D1DCE6AD300ABBF28 /* 43.jpg in Resources */,
				F93BD5361DCE6AD300ABBF28 /* 52.jpg in Resources */,
				F93BD5241DCE6AD300ABBF28 /* 34.jpg in Resources */,
				F93BD5051DCE6AD300ABBF28 /* 3.jpg in Resources */,
				F93BD5371DCE6AD300ABBF28 /* 53.jpg in Resources */,
				F93BD5231DCE6AD300ABBF28 /* 33.jpg in Resources */,
				F93BD5251DCE6AD300ABBF28 /* 35.jpg in Resources */,
				F93BD51F1DCE6AD300ABBF28 /* 29.jpg in Resources */,
				F93BD52A1DCE6AD300ABBF28 /* 40.jpg in Resources */,
				F93BD5211DCE6AD300ABBF28 /* 31.jpg in Resources */,
				F93BD5281DCE6AD300ABBF28 /* 38.jpg in Resources */,
				F93BD5301DCE6AD300ABBF28 /* 46.jpg in Resources */,
				F93BD5081DCE6AD300ABBF28 /* 6.jpg in Resources */,
				F93BD51A1DCE6AD300ABBF28 /* 24.jpg in Resources */,
				F93BD5201DCE6AD300ABBF28 /* 30.jpg in Resources */,
				F93BD53E1DCE6AD300ABBF28 /* 60.jpg in Resources */,
				F93BD5381DCE6AD300ABBF28 /* 54.jpg in Resources */,
				F93BD5391DCE6AD300ABBF28 /* 55.jpg in Resources */,
				F93BD5141DCE6AD300ABBF28 /* 18.jpg in Resources */,
				F93BD5161DCE6AD300ABBF28 /* 20.jpg in Resources */,
				F93BD5321DCE6AD300ABBF28 /* 48.jpg in Resources */,
				F93BD53A1DCE6AD300ABBF28 /* 56.jpg in Resources */,
				F93BD51C1DCE6AD300ABBF28 /* 26.jpg in Resources */,
				F93BD5091DCE6AD300ABBF28 /* 7.jpg in Resources */,
				F93BD52C1DCE6AD300ABBF28 /* 42.jpg in Resources */,
				F93BD52B1DCE6AD300ABBF28 /* 41.png in Resources */,
				F93BD4BF1DCE68A800ABBF28 /* Main.storyboard in Resources */,
				F93BD5191DCE6AD300ABBF28 /* 23.jpg in Resources */,
				F93BD53B1DCE6AD300ABBF28 /* 57.jpg in Resources */,
				F93BD50C1DCE6AD300ABBF28 /* 10.jpg in Resources */,
				F93BD52E1DCE6AD300ABBF28 /* 44.jpg in Resources */,
				F93BD5111DCE6AD300ABBF28 /* 15.jpg in Resources */,
				F93BD5041DCE6AD300ABBF28 /* 2.jpg in Resources */,
				F93BD51B1DCE6AD300ABBF28 /* 25.jpg in Resources */,
				F93BD52F1DCE6AD300ABBF28 /* 45.jpg in Resources */,
				F93BD5261DCE6AD300ABBF28 /* 36.jpg in Resources */,
				F93BD5351DCE6AD300ABBF28 /* 51.jpg in Resources */,
				F93BD5221DCE6AD300ABBF28 /* 32.jpg in Resources */,
				F93BD5061DCE6AD300ABBF28 /* 4.jpg in Resources */,
				F93BD53D1DCE6AD300ABBF28 /* 59.jpg in Resources */,
				F93BD50A1DCE6AD300ABBF28 /* 8.jpg in Resources */,
				F93BD5311DCE6AD300ABBF28 /* 47.jpg in Resources */,
				F93BD5121DCE6AD300ABBF28 /* 16.jpg in Resources */,
				F93BD5271DCE6AD300ABBF28 /* 37.jpg in Resources */,
				F93BD51D1DCE6AD300ABBF28 /* 27.jpg in Resources */,
				F93BD5331DCE6AD300ABBF28 /* 49.jpg in Resources */,
				F93BD5151DCE6AD300ABBF28 /* 19.jpg in Resources */,
			);
			runOnlyForDeploymentPostprocessing = 0;
		};
		F93BD5431DCE799D00ABBF28 /* Resources */ = {
			isa = PBXResourcesBuildPhase;
			buildActionMask = 2147483647;
			files = (
				F93BD5521DCE799D00ABBF28 /* LaunchScreen.storyboard in Resources */,
				F93BD54F1DCE799D00ABBF28 /* Assets.xcassets in Resources */,
				F93BD54D1DCE799D00ABBF28 /* Main.storyboard in Resources */,
			);
			runOnlyForDeploymentPostprocessing = 0;
		};
/* End PBXResourcesBuildPhase section */

/* Begin PBXSourcesBuildPhase section */
		F93BD4B01DCE68A700ABBF28 /* Sources */ = {
			isa = PBXSourcesBuildPhase;
			buildActionMask = 2147483647;
			files = (
				F93BD4BA1DCE68A700ABBF28 /* ViewController.swift in Sources */,
				F93BD4B81DCE68A700ABBF28 /* AppDelegate.swift in Sources */,
				F93BD5401DCE756E00ABBF28 /* WordBank.swift in Sources */,
			);
			runOnlyForDeploymentPostprocessing = 0;
		};
		F93BD5411DCE799D00ABBF28 /* Sources */ = {
			isa = PBXSourcesBuildPhase;
			buildActionMask = 2147483647;
			files = (
				F9AB29481DCE829D0030DB3C /* WordsHandler.swift in Sources */,
				F9AB294A1DCE839A0030DB3C /* WordCell.swift in Sources */,
				F93BD54A1DCE799D00ABBF28 /* ViewController.swift in Sources */,
				F93BD5481DCE799D00ABBF28 /* AppDelegate.swift in Sources */,
			);
			runOnlyForDeploymentPostprocessing = 0;
		};
/* End PBXSourcesBuildPhase section */

/* Begin PBXVariantGroup section */
		F93BD4BD1DCE68A800ABBF28 /* Main.storyboard */ = {
			isa = PBXVariantGroup;
			children = (
				F93BD4BE1DCE68A800ABBF28 /* Base */,
			);
			name = Main.storyboard;
			sourceTree = "<group>";
		};
		F93BD54B1DCE799D00ABBF28 /* Main.storyboard */ = {
			isa = PBXVariantGroup;
			children = (
				F93BD54C1DCE799D00ABBF28 /* Base */,
			);
			name = Main.storyboard;
			sourceTree = "<group>";
		};
		F93BD5501DCE799D00ABBF28 /* LaunchScreen.storyboard */ = {
			isa = PBXVariantGroup;
			children = (
				F93BD5511DCE799D00ABBF28 /* Base */,
			);
			name = LaunchScreen.storyboard;
			sourceTree = "<group>";
		};
/* End PBXVariantGroup section */

/* Begin XCBuildConfiguration section */
		F93BD4C11DCE68A800ABBF28 /* Debug */ = {
			isa = XCBuildConfiguration;
			buildSettings = {
				ALWAYS_SEARCH_USER_PATHS = NO;
				CLANG_ANALYZER_NONNULL = YES;
				CLANG_CXX_LANGUAGE_STANDARD = "gnu++0x";
				CLANG_CXX_LIBRARY = "libc++";
				CLANG_ENABLE_MODULES = YES;
				CLANG_ENABLE_OBJC_ARC = YES;
				CLANG_WARN_BOOL_CONVERSION = YES;
				CLANG_WARN_CONSTANT_CONVERSION = YES;
				CLANG_WARN_DIRECT_OBJC_ISA_USAGE = YES_ERROR;
				CLANG_WARN_DOCUMENTATION_COMMENTS = YES;
				CLANG_WARN_EMPTY_BODY = YES;
				CLANG_WARN_ENUM_CONVERSION = YES;
				CLANG_WARN_INFINITE_RECURSION = YES;
				CLANG_WARN_INT_CONVERSION = YES;
				CLANG_WARN_OBJC_ROOT_CLASS = YES_ERROR;
				CLANG_WARN_SUSPICIOUS_MOVES = YES;
				CLANG_WARN_UNREACHABLE_CODE = YES;
				CLANG_WARN__DUPLICATE_METHOD_MATCH = YES;
				CODE_SIGN_IDENTITY = "-";
				COPY_PHASE_STRIP = NO;
				DEBUG_INFORMATION_FORMAT = dwarf;
				ENABLE_STRICT_OBJC_MSGSEND = YES;
				ENABLE_TESTABILITY = YES;
				GCC_C_LANGUAGE_STANDARD = gnu99;
				GCC_DYNAMIC_NO_PIC = NO;
				GCC_NO_COMMON_BLOCKS = YES;
				GCC_OPTIMIZATION_LEVEL = 0;
				GCC_PREPROCESSOR_DEFINITIONS = (
					"DEBUG=1",
					"$(inherited)",
				);
				GCC_WARN_64_TO_32_BIT_CONVERSION = YES;
				GCC_WARN_ABOUT_RETURN_TYPE = YES_ERROR;
				GCC_WARN_UNDECLARED_SELECTOR = YES;
				GCC_WARN_UNINITIALIZED_AUTOS = YES_AGGRESSIVE;
				GCC_WARN_UNUSED_FUNCTION = YES;
				GCC_WARN_UNUSED_VARIABLE = YES;
				MACOSX_DEPLOYMENT_TARGET = 10.11;
				MTL_ENABLE_DEBUG_INFO = YES;
				ONLY_ACTIVE_ARCH = YES;
				SDKROOT = macosx;
				SWIFT_ACTIVE_COMPILATION_CONDITIONS = DEBUG;
				SWIFT_OPTIMIZATION_LEVEL = "-Onone";
			};
			name = Debug;
		};
		F93BD4C21DCE68A800ABBF28 /* Release */ = {
			isa = XCBuildConfiguration;
			buildSettings = {
				ALWAYS_SEARCH_USER_PATHS = NO;
				CLANG_ANALYZER_NONNULL = YES;
				CLANG_CXX_LANGUAGE_STANDARD = "gnu++0x";
				CLANG_CXX_LIBRARY = "libc++";
				CLANG_ENABLE_MODULES = YES;
				CLANG_ENABLE_OBJC_ARC = YES;
				CLANG_WARN_BOOL_CONVERSION = YES;
				CLANG_WARN_CONSTANT_CONVERSION = YES;
				CLANG_WARN_DIRECT_OBJC_ISA_USAGE = YES_ERROR;
				CLANG_WARN_DOCUMENTATION_COMMENTS = YES;
				CLANG_WARN_EMPTY_BODY = YES;
				CLANG_WARN_ENUM_CONVERSION = YES;
				CLANG_WARN_INFINITE_RECURSION = YES;
				CLANG_WARN_INT_CONVERSION = YES;
				CLANG_WARN_OBJC_ROOT_CLASS = YES_ERROR;
				CLANG_WARN_SUSPICIOUS_MOVES = YES;
				CLANG_WARN_UNREACHABLE_CODE = YES;
				CLANG_WARN__DUPLICATE_METHOD_MATCH = YES;
				CODE_SIGN_IDENTITY = "-";
				COPY_PHASE_STRIP = NO;
				DEBUG_INFORMATION_FORMAT = "dwarf-with-dsym";
				ENABLE_NS_ASSERTIONS = NO;
				ENABLE_STRICT_OBJC_MSGSEND = YES;
				GCC_C_LANGUAGE_STANDARD = gnu99;
				GCC_NO_COMMON_BLOCKS = YES;
				GCC_WARN_64_TO_32_BIT_CONVERSION = YES;
				GCC_WARN_ABOUT_RETURN_TYPE = YES_ERROR;
				GCC_WARN_UNDECLARED_SELECTOR = YES;
				GCC_WARN_UNINITIALIZED_AUTOS = YES_AGGRESSIVE;
				GCC_WARN_UNUSED_FUNCTION = YES;
				GCC_WARN_UNUSED_VARIABLE = YES;
				MACOSX_DEPLOYMENT_TARGET = 10.11;
				MTL_ENABLE_DEBUG_INFO = NO;
				SDKROOT = macosx;
				SWIFT_OPTIMIZATION_LEVEL = "-Owholemodule";
			};
			name = Release;
		};
		F93BD4C41DCE68A800ABBF28 /* Debug */ = {
			isa = XCBuildConfiguration;
			buildSettings = {
				ASSETCATALOG_COMPILER_APPICON_NAME = AppIcon;
				COMBINE_HIDPI_IMAGES = YES;
				DEVELOPMENT_TEAM = WBQ5Y4ZSH4;
				INFOPLIST_FILE = guessIt/Info.plist;
				LD_RUNPATH_SEARCH_PATHS = "$(inherited) @executable_path/../Frameworks";
				PRODUCT_BUNDLE_IDENTIFIER = competidev.guessIt;
				PRODUCT_NAME = "$(TARGET_NAME)";
				SWIFT_VERSION = 3.0;
			};
			name = Debug;
		};
		F93BD4C51DCE68A800ABBF28 /* Release */ = {
			isa = XCBuildConfiguration;
			buildSettings = {
				ASSETCATALOG_COMPILER_APPICON_NAME = AppIcon;
				COMBINE_HIDPI_IMAGES = YES;
				DEVELOPMENT_TEAM = WBQ5Y4ZSH4;
				INFOPLIST_FILE = guessIt/Info.plist;
				LD_RUNPATH_SEARCH_PATHS = "$(inherited) @executable_path/../Frameworks";
				PRODUCT_BUNDLE_IDENTIFIER = competidev.guessIt;
				PRODUCT_NAME = "$(TARGET_NAME)";
				SWIFT_VERSION = 3.0;
			};
			name = Release;
		};
		F93BD5551DCE799D00ABBF28 /* Debug */ = {
			isa = XCBuildConfiguration;
			buildSettings = {
				ASSETCATALOG_COMPILER_APPICON_NAME = AppIcon;
				"CODE_SIGN_IDENTITY[sdk=iphoneos*]" = "iPhone Developer";
				DEVELOPMENT_TEAM = WBQ5Y4ZSH4;
				INFOPLIST_FILE = iDealer/Info.plist;
				IPHONEOS_DEPLOYMENT_TARGET = 10.1;
				LD_RUNPATH_SEARCH_PATHS = "$(inherited) @executable_path/Frameworks";
				PRODUCT_BUNDLE_IDENTIFIER = competidev.iDealer;
				PRODUCT_NAME = "$(TARGET_NAME)";
				SDKROOT = iphoneos;
				SWIFT_VERSION = 3.0;
				TARGETED_DEVICE_FAMILY = "1,2";
			};
			name = Debug;
		};
		F93BD5561DCE799D00ABBF28 /* Release */ = {
			isa = XCBuildConfiguration;
			buildSettings = {
				ASSETCATALOG_COMPILER_APPICON_NAME = AppIcon;
				"CODE_SIGN_IDENTITY[sdk=iphoneos*]" = "iPhone Developer";
				DEVELOPMENT_TEAM = WBQ5Y4ZSH4;
				INFOPLIST_FILE = iDealer/Info.plist;
				IPHONEOS_DEPLOYMENT_TARGET = 10.1;
				LD_RUNPATH_SEARCH_PATHS = "$(inherited) @executable_path/Frameworks";
				PRODUCT_BUNDLE_IDENTIFIER = competidev.iDealer;
				PRODUCT_NAME = "$(TARGET_NAME)";
				SDKROOT = iphoneos;
				SWIFT_VERSION = 3.0;
				TARGETED_DEVICE_FAMILY = "1,2";
				VALIDATE_PRODUCT = YES;
			};
			name = Release;
		};
/* End XCBuildConfiguration section */

/* Begin XCConfigurationList section */
		F93BD4AF1DCE68A700ABBF28 /* Build configuration list for PBXProject "guessIt" */ = {
			isa = XCConfigurationList;
			buildConfigurations = (
				F93BD4C11DCE68A800ABBF28 /* Debug */,
				F93BD4C21DCE68A800ABBF28 /* Release */,
			);
			defaultConfigurationIsVisible = 0;
			defaultConfigurationName = Release;
		};
		F93BD4C31DCE68A800ABBF28 /* Build configuration list for PBXNativeTarget "guessIt" */ = {
			isa = XCConfigurationList;
			buildConfigurations = (
				F93BD4C41DCE68A800ABBF28 /* Debug */,
				F93BD4C51DCE68A800ABBF28 /* Release */,
			);
			defaultConfigurationIsVisible = 0;
			defaultConfigurationName = Release;
		};
		F93BD5541DCE799D00ABBF28 /* Build configuration list for PBXNativeTarget "iDealer" */ = {
			isa = XCConfigurationList;
			buildConfigurations = (
				F93BD5551DCE799D00ABBF28 /* Debug */,
				F93BD5561DCE799D00ABBF28 /* Release */,
			);
			defaultConfigurationIsVisible = 0;
			defaultConfigurationName = Release;
		};
/* End XCConfigurationList section */
	};
	rootObject = F93BD4AC1DCE68A700ABBF28 /* Project object */;
}
