// !$*UTF8*$!
{
	archiveVersion = 1;
	classes = {
	};
	objectVersion = 46;
	objects = {

/* Begin PBXBuildFile section */
		F93BD4B81DCE68A700ABBF28 /* AppDelegate.swift in Sources */ = {isa = PBXBuildFile; fileRef = F93BD4B71DCE68A700ABBF28 /* AppDelegate.swift */; };
		F93BD4BA1DCE68A700ABBF28 /* ViewController.swift in Sources */ = {isa = PBXBuildFile; fileRef = F93BD4B91DCE68A700ABBF28 /* ViewController.swift */; };
		F93BD4BC1DCE68A700ABBF28 /* Assets.xcassets in Resources */ = {isa = PBXBuildFile; fileRef = F93BD4BB1DCE68A700ABBF28 /* Assets.xcassets */; };
		F93BD4BF1DCE68A800ABBF28 /* Main.storyboard in Resources */ = {isa = PBXBuildFile; fileRef = F93BD4BD1DCE68A800ABBF28 /* Main.storyboard */; };
/* End PBXBuildFile section */

/* Begin PBXFileReference section */
		F93BD4B41DCE68A700ABBF28 /* guessIt.app */ = {isa = PBXFileReference; explicitFileType = wrapper.application; includeInIndex = 0; path = guessIt.app; sourceTree = BUILT_PRODUCTS_DIR; };
		F93BD4B71DCE68A700ABBF28 /* AppDelegate.swift */ = {isa = PBXFileReference; lastKnownFileType = sourcecode.swift; path = AppDelegate.swift; sourceTree = "<group>"; };
		F93BD4B91DCE68A700ABBF28 /* ViewController.swift */ = {isa = PBXFileReference; lastKnownFileType = sourcecode.swift; path = ViewController.swift; sourceTree = "<group>"; };
		F93BD4BB1DCE68A700ABBF28 /* Assets.xcassets */ = {isa = PBXFileReference; lastKnownFileType = folder.assetcatalog; path = Assets.xcassets; sourceTree = "<group>"; };
		F93BD4BE1DCE68A800ABBF28 /* Base */ = {isa = PBXFileReference; lastKnownFileType = file.storyboard; name = Base; path = Base.lproj/Main.storyboard; sourceTree = "<group>"; };
		F93BD4C01DCE68A800ABBF28 /* Info.plist */ = {isa = PBXFileReference; lastKnownFileType = text.plist.xml; path = Info.plist; sourceTree = "<group>"; };
/* End PBXFileReference section */

/* Begin PBXFrameworksBuildPhase section */
		F93BD4B11DCE68A700ABBF28 /* Frameworks */ = {
			isa = PBXFrameworksBuildPhase;
			buildActionMask = 2147483647;
			files = (
			);
			runOnlyForDeploymentPostprocessing = 0;
		};
/* End PBXFrameworksBuildPhase section */

/* Begin PBXGroup section */
		F93BD4AB1DCE68A700ABBF28 = {
			isa = PBXGroup;
			children = (
				F93BD4B61DCE68A700ABBF28 /* guessIt */,
				F93BD4B51DCE68A700ABBF28 /* Products */,
			);
			sourceTree = "<group>";
		};
		F93BD4B51DCE68A700ABBF28 /* Products */ = {
			isa = PBXGroup;
			children = (
				F93BD4B41DCE68A700ABBF28 /* guessIt.app */,
			);
			name = Products;
			sourceTree = "<group>";
		};
		F93BD4B61DCE68A700ABBF28 /* guessIt */ = {
			isa = PBXGroup;
			children = (
				F93BD4B71DCE68A700ABBF28 /* AppDelegate.swift */,
				F93BD4B91DCE68A700ABBF28 /* ViewController.swift */,
				F93BD4BB1DCE68A700ABBF28 /* Assets.xcassets */,
				F93BD4BD1DCE68A800ABBF28 /* Main.storyboard */,
				F93BD4C01DCE68A800ABBF28 /* Info.plist */,
			);
			path = guessIt;
			sourceTree = "<group>";
		};
/* End PBXGroup section */

/* Begin PBXNativeTarget section */
		F93BD4B31DCE68A700ABBF28 /* guessIt */ = {
			isa = PBXNativeTarget;
			buildConfigurationList = F93BD4C31DCE68A800ABBF28 /* Build configuration list for PBXNativeTarget "guessIt" */;
			buildPhases = (
				F93BD4B01DCE68A700ABBF28 /* Sources */,
				F93BD4B11DCE68A700ABBF28 /* Frameworks */,
				F93BD4B21DCE68A700ABBF28 /* Resources */,
			);
			buildRules = (
			);
			dependencies = (
			);
			name = guessIt;
			productName = guessIt;
			productReference = F93BD4B41DCE68A700ABBF28 /* guessIt.app */;
			productType = "com.apple.product-type.application";
		};
/* End PBXNativeTarget section */

/* Begin PBXProject section */
		F93BD4AC1DCE68A700ABBF28 /* Project object */ = {
			isa = PBXProject;
			attributes = {
				LastSwiftUpdateCheck = 0810;
				LastUpgradeCheck = 0810;
				ORGANIZATIONNAME = competidev;
				TargetAttributes = {
					F93BD4B31DCE68A700ABBF28 = {
						CreatedOnToolsVersion = 8.1;
						DevelopmentTeam = WBQ5Y4ZSH4;
						ProvisioningStyle = Automatic;
					};
				};
			};
			buildConfigurationList = F93BD4AF1DCE68A700ABBF28 /* Build configuration list for PBXProject "guessIt" */;
			compatibilityVersion = "Xcode 3.2";
			developmentRegion = English;
			hasScannedForEncodings = 0;
			knownRegions = (
				en,
				Base,
			);
			mainGroup = F93BD4AB1DCE68A700ABBF28;
			productRefGroup = F93BD4B51DCE68A700ABBF28 /* Products */;
			projectDirPath = "";
			projectRoot = "";
			targets = (
				F93BD4B31DCE68A700ABBF28 /* guessIt */,
			);
		};
/* End PBXProject section */

/* Begin PBXResourcesBuildPhase section */
		F93BD4B21DCE68A700ABBF28 /* Resources */ = {
			isa = PBXResourcesBuildPhase;
			buildActionMask = 2147483647;
			files = (
				F93BD4BC1DCE68A700ABBF28 /* Assets.xcassets in Resources */,
				F93BD4BF1DCE68A800ABBF28 /* Main.storyboard in Resources */,
			);
			runOnlyForDeploymentPostprocessing = 0;
		};
/* End PBXResourcesBuildPhase section */

/* Begin PBXSourcesBuildPhase section */
		F93BD4B01DCE68A700ABBF28 /* Sources */ = {
			isa = PBXSourcesBuildPhase;
			buildActionMask = 2147483647;
			files = (
				F93BD4BA1DCE68A700ABBF28 /* ViewController.swift in Sources */,
				F93BD4B81DCE68A700ABBF28 /* AppDelegate.swift in Sources */,
			);
			runOnlyForDeploymentPostprocessing = 0;
		};
/* End PBXSourcesBuildPhase section */

/* Begin PBXVariantGroup section */
		F93BD4BD1DCE68A800ABBF28 /* Main.storyboard */ = {
			isa = PBXVariantGroup;
			children = (
				F93BD4BE1DCE68A800ABBF28 /* Base */,
			);
			name = Main.storyboard;
			sourceTree = "<group>";
		};
/* End PBXVariantGroup section */

/* Begin XCBuildConfiguration section */
		F93BD4C11DCE68A800ABBF28 /* Debug */ = {
			isa = XCBuildConfiguration;
			buildSettings = {
				ALWAYS_SEARCH_USER_PATHS = NO;
				CLANG_ANALYZER_NONNULL = YES;
				CLANG_CXX_LANGUAGE_STANDARD = "gnu++0x";
				CLANG_CXX_LIBRARY = "libc++";
				CLANG_ENABLE_MODULES = YES;
				CLANG_ENABLE_OBJC_ARC = YES;
				CLANG_WARN_BOOL_CONVERSION = YES;
				CLANG_WARN_CONSTANT_CONVERSION = YES;
				CLANG_WARN_DIRECT_OBJC_ISA_USAGE = YES_ERROR;
				CLANG_WARN_DOCUMENTATION_COMMENTS = YES;
				CLANG_WARN_EMPTY_BODY = YES;
				CLANG_WARN_ENUM_CONVERSION = YES;
				CLANG_WARN_INFINITE_RECURSION = YES;
				CLANG_WARN_INT_CONVERSION = YES;
				CLANG_WARN_OBJC_ROOT_CLASS = YES_ERROR;
				CLANG_WARN_SUSPICIOUS_MOVES = YES;
				CLANG_WARN_UNREACHABLE_CODE = YES;
				CLANG_WARN__DUPLICATE_METHOD_MATCH = YES;
				CODE_SIGN_IDENTITY = "-";
				COPY_PHASE_STRIP = NO;
				DEBUG_INFORMATION_FORMAT = dwarf;
				ENABLE_STRICT_OBJC_MSGSEND = YES;
				ENABLE_TESTABILITY = YES;
				GCC_C_LANGUAGE_STANDARD = gnu99;
				GCC_DYNAMIC_NO_PIC = NO;
				GCC_NO_COMMON_BLOCKS = YES;
				GCC_OPTIMIZATION_LEVEL = 0;
				GCC_PREPROCESSOR_DEFINITIONS = (
					"DEBUG=1",
					"$(inherited)",
				);
				GCC_WARN_64_TO_32_BIT_CONVERSION = YES;
				GCC_WARN_ABOUT_RETURN_TYPE = YES_ERROR;
				GCC_WARN_UNDECLARED_SELECTOR = YES;
				GCC_WARN_UNINITIALIZED_AUTOS = YES_AGGRESSIVE;
				GCC_WARN_UNUSED_FUNCTION = YES;
				GCC_WARN_UNUSED_VARIABLE = YES;
				MACOSX_DEPLOYMENT_TARGET = 10.11;
				MTL_ENABLE_DEBUG_INFO = YES;
				ONLY_ACTIVE_ARCH = YES;
				SDKROOT = macosx;
				SWIFT_ACTIVE_COMPILATION_CONDITIONS = DEBUG;
				SWIFT_OPTIMIZATION_LEVEL = "-Onone";
			};
			name = Debug;
		};
		F93BD4C21DCE68A800ABBF28 /* Release */ = {
			isa = XCBuildConfiguration;
			buildSettings = {
				ALWAYS_SEARCH_USER_PATHS = NO;
				CLANG_ANALYZER_NONNULL = YES;
				CLANG_CXX_LANGUAGE_STANDARD = "gnu++0x";
				CLANG_CXX_LIBRARY = "libc++";
				CLANG_ENABLE_MODULES = YES;
				CLANG_ENABLE_OBJC_ARC = YES;
				CLANG_WARN_BOOL_CONVERSION = YES;
				CLANG_WARN_CONSTANT_CONVERSION = YES;
				CLANG_WARN_DIRECT_OBJC_ISA_USAGE = YES_ERROR;
				CLANG_WARN_DOCUMENTATION_COMMENTS = YES;
				CLANG_WARN_EMPTY_BODY = YES;
				CLANG_WARN_ENUM_CONVERSION = YES;
				CLANG_WARN_INFINITE_RECURSION = YES;
				CLANG_WARN_INT_CONVERSION = YES;
				CLANG_WARN_OBJC_ROOT_CLASS = YES_ERROR;
				CLANG_WARN_SUSPICIOUS_MOVES = YES;
				CLANG_WARN_UNREACHABLE_CODE = YES;
				CLANG_WARN__DUPLICATE_METHOD_MATCH = YES;
				CODE_SIGN_IDENTITY = "-";
				COPY_PHASE_STRIP = NO;
				DEBUG_INFORMATION_FORMAT = "dwarf-with-dsym";
				ENABLE_NS_ASSERTIONS = NO;
				ENABLE_STRICT_OBJC_MSGSEND = YES;
				GCC_C_LANGUAGE_STANDARD = gnu99;
				GCC_NO_COMMON_BLOCKS = YES;
				GCC_WARN_64_TO_32_BIT_CONVERSION = YES;
				GCC_WARN_ABOUT_RETURN_TYPE = YES_ERROR;
				GCC_WARN_UNDECLARED_SELECTOR = YES;
				GCC_WARN_UNINITIALIZED_AUTOS = YES_AGGRESSIVE;
				GCC_WARN_UNUSED_FUNCTION = YES;
				GCC_WARN_UNUSED_VARIABLE = YES;
				MACOSX_DEPLOYMENT_TARGET = 10.11;
				MTL_ENABLE_DEBUG_INFO = NO;
				SDKROOT = macosx;
				SWIFT_OPTIMIZATION_LEVEL = "-Owholemodule";
			};
			name = Release;
		};
		F93BD4C41DCE68A800ABBF28 /* Debug */ = {
			isa = XCBuildConfiguration;
			buildSettings = {
				ASSETCATALOG_COMPILER_APPICON_NAME = AppIcon;
				COMBINE_HIDPI_IMAGES = YES;
				DEVELOPMENT_TEAM = WBQ5Y4ZSH4;
				INFOPLIST_FILE = guessIt/Info.plist;
				LD_RUNPATH_SEARCH_PATHS = "$(inherited) @executable_path/../Frameworks";
				PRODUCT_BUNDLE_IDENTIFIER = competidev.guessIt;
				PRODUCT_NAME = "$(TARGET_NAME)";
				SWIFT_VERSION = 3.0;
			};
			name = Debug;
		};
		F93BD4C51DCE68A800ABBF28 /* Release */ = {
			isa = XCBuildConfiguration;
			buildSettings = {
				ASSETCATALOG_COMPILER_APPICON_NAME = AppIcon;
				COMBINE_HIDPI_IMAGES = YES;
				DEVELOPMENT_TEAM = WBQ5Y4ZSH4;
				INFOPLIST_FILE = guessIt/Info.plist;
				LD_RUNPATH_SEARCH_PATHS = "$(inherited) @executable_path/../Frameworks";
				PRODUCT_BUNDLE_IDENTIFIER = competidev.guessIt;
				PRODUCT_NAME = "$(TARGET_NAME)";
				SWIFT_VERSION = 3.0;
			};
			name = Release;
		};
/* End XCBuildConfiguration section */

/* Begin XCConfigurationList section */
		F93BD4AF1DCE68A700ABBF28 /* Build configuration list for PBXProject "guessIt" */ = {
			isa = XCConfigurationList;
			buildConfigurations = (
				F93BD4C11DCE68A800ABBF28 /* Debug */,
				F93BD4C21DCE68A800ABBF28 /* Release */,
			);
			defaultConfigurationIsVisible = 0;
			defaultConfigurationName = Release;
		};
		F93BD4C31DCE68A800ABBF28 /* Build configuration list for PBXNativeTarget "guessIt" */ = {
			isa = XCConfigurationList;
			buildConfigurations = (
				F93BD4C41DCE68A800ABBF28 /* Debug */,
				F93BD4C51DCE68A800ABBF28 /* Release */,
			);
			defaultConfigurationIsVisible = 0;
		};
/* End XCConfigurationList section */
	};
	rootObject = F93BD4AC1DCE68A700ABBF28 /* Project object */;
}
